
Microsoft Visual Studio Solution File, Format Version 12.00
# Visual Studio Version 16
VisualStudioVersion = 16.0.31829.152
MinimumVisualStudioVersion = 10.0.40219.1
Project("{FAE04EC0-301F-11D3-BF4B-00C04F79EFBC}") = "gRPCService", "gRPCService\gRPCService.csproj", "{E22A744B-1D93-4D1C-B1BD-6347F4E721B6}"
EndProject
Global
	GlobalSection(SolutionConfigurationPlatforms) = preSolution
		Debug|Any CPU = Debug|Any CPU
		Release|Any CPU = Release|Any CPU
	EndGlobalSection
	GlobalSection(ProjectConfigurationPlatforms) = postSolution
		{E22A744B-1D93-4D1C-B1BD-6347F4E721B6}.Debug|Any CPU.ActiveCfg = Debug|Any CPU
		{E22A744B-1D93-4D1C-B1BD-6347F4E721B6}.Debug|Any CPU.Build.0 = Debug|Any CPU
		{E22A744B-1D93-4D1C-B1BD-6347F4E721B6}.Release|Any CPU.ActiveCfg = Release|Any CPU
		{E22A744B-1D93-4D1C-B1BD-6347F4E721B6}.Release|Any CPU.Build.0 = Release|Any CPU
	EndGlobalSection
	GlobalSection(SolutionProperties) = preSolution
		HideSolutionNode = FALSE
	EndGlobalSection
	GlobalSection(ExtensibilityGlobals) = postSolution
		SolutionGuid = {E4D58195-BEED-4F43-91EE-60D2569DF5FC}
	EndGlobalSection
EndGlobal
